
Microsoft Visual Studio Solution File, Format Version 11.00
# Visual Studio 15

Project("{8BC9CEB8-8B4A-11D0-8D11-00A0C91BC942}") = "based_on_sparta_binauraliser_nf - Standalone Plugin", "based_on_sparta_binauraliser_nf_StandalonePlugin.vcxproj", "{D448676D-BB59-2A27-D973-7B855D00AAB9}"
	ProjectSection(ProjectDependencies) = postProject
		{AD4E2C71-5FD2-1C60-BB48-F1510F031B1B} = {AD4E2C71-5FD2-1C60-BB48-F1510F031B1B}
	EndProjectSection
EndProject
Project("{8BC9CEB8-8B4A-11D0-8D11-00A0C91BC942}") = "based_on_sparta_binauraliser_nf - VST", "based_on_sparta_binauraliser_nf_VST.vcxproj", "{C4438A43-EB43-B2A1-6BBC-CA236E44500E}"
	ProjectSection(ProjectDependencies) = postProject
		{AD4E2C71-5FD2-1C60-BB48-F1510F031B1B} = {AD4E2C71-5FD2-1C60-BB48-F1510F031B1B}
	EndProjectSection
EndProject
Project("{8BC9CEB8-8B4A-11D0-8D11-00A0C91BC942}") = "based_on_sparta_binauraliser_nf - VST3", "based_on_sparta_binauraliser_nf_VST3.vcxproj", "{F17635AE-2D73-3241-33FA-7D79709E569C}"
	ProjectSection(ProjectDependencies) = postProject
		{AD4E2C71-5FD2-1C60-BB48-F1510F031B1B} = {AD4E2C71-5FD2-1C60-BB48-F1510F031B1B}
		{DF0355A6-0EFB-369B-0D29-EF8ECAC73D5A} = {DF0355A6-0EFB-369B-0D29-EF8ECAC73D5A}
	EndProjectSection
EndProject
Project("{8BC9CEB8-8B4A-11D0-8D11-00A0C91BC942}") = "based_on_sparta_binauraliser_nf - Shared Code", "based_on_sparta_binauraliser_nf_SharedCode.vcxproj", "{AD4E2C71-5FD2-1C60-BB48-F1510F031B1B}"
EndProject
Project("{8BC9CEB8-8B4A-11D0-8D11-00A0C91BC942}") = "based_on_sparta_binauraliser_nf - VST3 Manifest Helper", "based_on_sparta_binauraliser_nf_VST3ManifestHelper.vcxproj", "{DF0355A6-0EFB-369B-0D29-EF8ECAC73D5A}"
EndProject
Global
	GlobalSection(SolutionConfigurationPlatforms) = preSolution
		Debug|x64 = Debug|x64
		Release|x64 = Release|x64
		Build Configuration|x64 = Build Configuration|x64
	EndGlobalSection
	GlobalSection(ProjectConfigurationPlatforms) = postSolution
		{C4438A43-EB43-B2A1-6BBC-CA236E44500E}.Debug|x64.ActiveCfg = Debug|x64
		{C4438A43-EB43-B2A1-6BBC-CA236E44500E}.Debug|x64.Build.0 = Debug|x64
		{C4438A43-EB43-B2A1-6BBC-CA236E44500E}.Release|x64.ActiveCfg = Release|x64
		{C4438A43-EB43-B2A1-6BBC-CA236E44500E}.Release|x64.Build.0 = Release|x64
		{C4438A43-EB43-B2A1-6BBC-CA236E44500E}.Build Configuration|x64.ActiveCfg = Build Configuration|x64
		{C4438A43-EB43-B2A1-6BBC-CA236E44500E}.Build Configuration|x64.Build.0 = Build Configuration|x64
		{F17635AE-2D73-3241-33FA-7D79709E569C}.Debug|x64.ActiveCfg = Debug|x64
		{F17635AE-2D73-3241-33FA-7D79709E569C}.Debug|x64.Build.0 = Debug|x64
		{F17635AE-2D73-3241-33FA-7D79709E569C}.Release|x64.ActiveCfg = Release|x64
		{F17635AE-2D73-3241-33FA-7D79709E569C}.Release|x64.Build.0 = Release|x64
		{F17635AE-2D73-3241-33FA-7D79709E569C}.Build Configuration|x64.ActiveCfg = Build Configuration|x64
		{F17635AE-2D73-3241-33FA-7D79709E569C}.Build Configuration|x64.Build.0 = Build Configuration|x64
		{D448676D-BB59-2A27-D973-7B855D00AAB9}.Debug|x64.ActiveCfg = Debug|x64
		{D448676D-BB59-2A27-D973-7B855D00AAB9}.Debug|x64.Build.0 = Debug|x64
		{D448676D-BB59-2A27-D973-7B855D00AAB9}.Release|x64.ActiveCfg = Release|x64
		{D448676D-BB59-2A27-D973-7B855D00AAB9}.Release|x64.Build.0 = Release|x64
		{D448676D-BB59-2A27-D973-7B855D00AAB9}.Build Configuration|x64.ActiveCfg = Build Configuration|x64
		{D448676D-BB59-2A27-D973-7B855D00AAB9}.Build Configuration|x64.Build.0 = Build Configuration|x64
		{AD4E2C71-5FD2-1C60-BB48-F1510F031B1B}.Debug|x64.ActiveCfg = Debug|x64
		{AD4E2C71-5FD2-1C60-BB48-F1510F031B1B}.Debug|x64.Build.0 = Debug|x64
		{AD4E2C71-5FD2-1C60-BB48-F1510F031B1B}.Release|x64.ActiveCfg = Release|x64
		{AD4E2C71-5FD2-1C60-BB48-F1510F031B1B}.Release|x64.Build.0 = Release|x64
		{AD4E2C71-5FD2-1C60-BB48-F1510F031B1B}.Build Configuration|x64.ActiveCfg = Build Configuration|x64
		{AD4E2C71-5FD2-1C60-BB48-F1510F031B1B}.Build Configuration|x64.Build.0 = Build Configuration|x64
		{DF0355A6-0EFB-369B-0D29-EF8ECAC73D5A}.Debug|x64.ActiveCfg = Debug|x64
		{DF0355A6-0EFB-369B-0D29-EF8ECAC73D5A}.Debug|x64.Build.0 = Debug|x64
		{DF0355A6-0EFB-369B-0D29-EF8ECAC73D5A}.Release|x64.ActiveCfg = Release|x64
		{DF0355A6-0EFB-369B-0D29-EF8ECAC73D5A}.Release|x64.Build.0 = Release|x64
		{DF0355A6-0EFB-369B-0D29-EF8ECAC73D5A}.Build Configuration|x64.ActiveCfg = Build Configuration|x64
		{DF0355A6-0EFB-369B-0D29-EF8ECAC73D5A}.Build Configuration|x64.Build.0 = Build Configuration|x64
	EndGlobalSection
	GlobalSection(SolutionProperties) = preSolution
		HideSolutionNode = FALSE
	EndGlobalSection
EndGlobal
